
Microsoft Visual Studio Solution File, Format Version 11.00
# Visual Studio 2010
Project("{FAE04EC0-301F-11D3-BF4B-00C04F79EFBC}") = "PluginTest", "PluginTest.csproj", "{1DA717D5-0AE8-4A79-897E-41460DC2D66E}"
EndProject
Global
	GlobalSection(SolutionConfigurationPlatforms) = preSolution
		Debug|Any CPU = Debug|Any CPU
		Release|Any CPU = Release|Any CPU
	EndGlobalSection
	GlobalSection(ProjectConfigurationPlatforms) = postSolution
		{1DA717D5-0AE8-4A79-897E-41460DC2D66E}.Debug|Any CPU.ActiveCfg = Debug|Any CPU
		{1DA717D5-0AE8-4A79-897E-41460DC2D66E}.Debug|Any CPU.Build.0 = Debug|Any CPU
		{1DA717D5-0AE8-4A79-897E-41460DC2D66E}.Release|Any CPU.ActiveCfg = Release|Any CPU
		{1DA717D5-0AE8-4A79-897E-41460DC2D66E}.Release|Any CPU.Build.0 = Release|Any CPU
	EndGlobalSection
	GlobalSection(SolutionProperties) = preSolution
		HideSolutionNode = FALSE
	EndGlobalSection
EndGlobal
