
Microsoft Visual Studio Solution File, Format Version 12.00
# Visual Studio 15
VisualStudioVersion = 15.0.28010.2041
MinimumVisualStudioVersion = 10.0.40219.1
Project("{FAE04EC0-301F-11D3-BF4B-00C04F79EFBC}") = "ExportToPostGIS", "ExportToPostGIS\ExportToPostGIS.csproj", "{A7B73D01-073C-4840-99DA-332A28A9E0D9}"
EndProject
Global
	GlobalSection(SolutionConfigurationPlatforms) = preSolution
		Debug|Any CPU = Debug|Any CPU
		Release|Any CPU = Release|Any CPU
	EndGlobalSection
	GlobalSection(ProjectConfigurationPlatforms) = postSolution
		{A7B73D01-073C-4840-99DA-332A28A9E0D9}.Debug|Any CPU.ActiveCfg = Debug|Any CPU
		{A7B73D01-073C-4840-99DA-332A28A9E0D9}.Debug|Any CPU.Build.0 = Debug|Any CPU
		{A7B73D01-073C-4840-99DA-332A28A9E0D9}.Release|Any CPU.ActiveCfg = Release|Any CPU
		{A7B73D01-073C-4840-99DA-332A28A9E0D9}.Release|Any CPU.Build.0 = Release|Any CPU
	EndGlobalSection
	GlobalSection(SolutionProperties) = preSolution
		HideSolutionNode = FALSE
	EndGlobalSection
	GlobalSection(ExtensibilityGlobals) = postSolution
		SolutionGuid = {A5F7A1ED-0DB4-4C63-8DB5-11A4CD9DCEE6}
	EndGlobalSection
EndGlobal
