
Microsoft Visual Studio Solution File, Format Version 11.00
# Visual Studio 2010
Project("{FAE04EC0-301F-11D3-BF4B-00C04F79EFBC}") = "RequestsClient", "RequestsClient\RequestsClient.csproj", "{F7130860-165F-46E0-B9DA-7AB214B2458B}"
EndProject
Global
	GlobalSection(SolutionConfigurationPlatforms) = preSolution
		Debug|Any CPU = Debug|Any CPU
		Release|Any CPU = Release|Any CPU
	EndGlobalSection
	GlobalSection(ProjectConfigurationPlatforms) = postSolution
		{F7130860-165F-46E0-B9DA-7AB214B2458B}.Debug|Any CPU.ActiveCfg = Debug|Any CPU
		{F7130860-165F-46E0-B9DA-7AB214B2458B}.Debug|Any CPU.Build.0 = Debug|Any CPU
		{F7130860-165F-46E0-B9DA-7AB214B2458B}.Release|Any CPU.ActiveCfg = Release|Any CPU
		{F7130860-165F-46E0-B9DA-7AB214B2458B}.Release|Any CPU.Build.0 = Release|Any CPU
	EndGlobalSection
	GlobalSection(SolutionProperties) = preSolution
		HideSolutionNode = FALSE
	EndGlobalSection
EndGlobal
