
Microsoft Visual Studio Solution File, Format Version 11.00
# Visual Studio 2010
Project("{FAE04EC0-301F-11D3-BF4B-00C04F79EFBC}") = "RequestsClient", "RequestsClient\RequestsClient.csproj", "{917A2EBF-A6E8-41F5-913A-4955222874A3}"
EndProject
Global
	GlobalSection(SolutionConfigurationPlatforms) = preSolution
		Debug|Any CPU = Debug|Any CPU
		Release|Any CPU = Release|Any CPU
	EndGlobalSection
	GlobalSection(ProjectConfigurationPlatforms) = postSolution
		{917A2EBF-A6E8-41F5-913A-4955222874A3}.Debug|Any CPU.ActiveCfg = Debug|Any CPU
		{917A2EBF-A6E8-41F5-913A-4955222874A3}.Debug|Any CPU.Build.0 = Debug|Any CPU
		{917A2EBF-A6E8-41F5-913A-4955222874A3}.Release|Any CPU.ActiveCfg = Release|Any CPU
		{917A2EBF-A6E8-41F5-913A-4955222874A3}.Release|Any CPU.Build.0 = Release|Any CPU
	EndGlobalSection
	GlobalSection(SolutionProperties) = preSolution
		HideSolutionNode = FALSE
	EndGlobalSection
EndGlobal
